
Microsoft Visual Studio Solution File, Format Version 12.00
# Visual Studio Version 16
VisualStudioVersion = 16.0.31112.23
MinimumVisualStudioVersion = 10.0.40219.1
Project("{9A19103F-16F7-4668-BE54-9A1E7A4F7556}") = "ThatsLife", "ThatsLife.csproj", "{797DDEBE-C835-47A0-A981-64DA5794415C}"
EndProject
Global
	GlobalSection(SolutionConfigurationPlatforms) = preSolution
		Debug|Any CPU = Debug|Any CPU
		Release|Any CPU = Release|Any CPU
	EndGlobalSection
	GlobalSection(ProjectConfigurationPlatforms) = postSolution
		{797DDEBE-C835-47A0-A981-64DA5794415C}.Debug|Any CPU.ActiveCfg = Debug|Any CPU
		{797DDEBE-C835-47A0-A981-64DA5794415C}.Debug|Any CPU.Build.0 = Debug|Any CPU
		{797DDEBE-C835-47A0-A981-64DA5794415C}.Release|Any CPU.ActiveCfg = Release|Any CPU
		{797DDEBE-C835-47A0-A981-64DA5794415C}.Release|Any CPU.Build.0 = Release|Any CPU
	EndGlobalSection
	GlobalSection(SolutionProperties) = preSolution
		HideSolutionNode = FALSE
	EndGlobalSection
	GlobalSection(ExtensibilityGlobals) = postSolution
		SolutionGuid = {CC3C3FDD-1103-4DAE-8713-DFEDBF73484D}
	EndGlobalSection
EndGlobal
